<?xml version="1.0" encoding="utf-8"?>
<Project ToolsVersion="4.0" xmlns="http://schemas.microsoft.com/developer/msbuild/2003">
  <ItemGroup>
    <Filter Include="eclipse">
      <UniqueIdentifier>{AA214651-1601-C5EC-1F19-50C38B772B4E}</UniqueIdentifier>
    </Filter>
    <Filter Include="eclipse\Events">
      <UniqueIdentifier>{4E0A2492-3AD8-1798-236C-88BE0FD9F3FC}</UniqueIdentifier>
    </Filter>
    <Filter Include="eclipse\Events\KeyEvent">
      <UniqueIdentifier>{28D7C6F7-940E-0F8F-9D18-73B209CF3588}</UniqueIdentifier>
    </Filter>
  </ItemGroup>
  <ItemGroup>
    <ClInclude Include="src\Eclipse.h" />
    <ClInclude Include="src\eclipse\Application.h">
      <Filter>eclipse</Filter>
    </ClInclude>
    <ClInclude Include="src\eclipse\Core.h">
      <Filter>eclipse</Filter>
    </ClInclude>
    <ClInclude Include="src\eclipse\EntryPoint.h">
      <Filter>eclipse</Filter>
    </ClInclude>
    <ClInclude Include="src\eclipse\Events\Event.h">
      <Filter>eclipse\Events</Filter>
    </ClInclude>
    <ClInclude Include="src\eclipse\Events\KeyEvent\KeyEvents.h">
      <Filter>eclipse\Events\KeyEvent</Filter>
    </ClInclude>
    <ClInclude Include="src\eclipse\Log.h">
      <Filter>eclipse</Filter>
    </ClInclude>
  </ItemGroup>
  <ItemGroup>
    <ClCompile Include="src\eclipse\Application.cpp">
      <Filter>eclipse</Filter>
    </ClCompile>
    <ClCompile Include="src\eclipse\Log.cpp">
      <Filter>eclipse</Filter>
    </ClCompile>
  </ItemGroup>
</Project>